// !$*UTF8*$!
{
	archiveVersion = 1;
	classes = {
	};
	objectVersion = 46;
	objects = {

/* Begin PBXBuildFile section */
		F40B6C5D16E1274D007CB650 /* Security.framework in Frameworks */ = {isa = PBXBuildFile; fileRef = F40B6C5C16E1274D007CB650 /* Security.framework */; };
		F40B6C6316E1279E007CB650 /* SystemConfiguration.framework in Frameworks */ = {isa = PBXBuildFile; fileRef = F40B6C6216E1279E007CB650 /* SystemConfiguration.framework */; };
		F41748B317064B8300CCB139 /* libGooglePlusUniversal.a in Frameworks */ = {isa = PBXBuildFile; fileRef = F417483E17064B8300CCB139 /* libGooglePlusUniversal.a */; };
		F41748B417064B8400CCB139 /* GTLBase64.m in Sources */ = {isa = PBXBuildFile; fileRef = F417484217064B8300CCB139 /* GTLBase64.m */; settings = {COMPILER_FLAGS = "-fno-objc-arc"; }; };
		F41748B517064B8400CCB139 /* GTLBatchQuery.m in Sources */ = {isa = PBXBuildFile; fileRef = F417484417064B8300CCB139 /* GTLBatchQuery.m */; settings = {COMPILER_FLAGS = "-fno-objc-arc"; }; };
		F41748B617064B8400CCB139 /* GTLBatchResult.m in Sources */ = {isa = PBXBuildFile; fileRef = F417484617064B8300CCB139 /* GTLBatchResult.m */; settings = {COMPILER_FLAGS = "-fno-objc-arc"; }; };
		F41748B717064B8400CCB139 /* GTLDateTime.m in Sources */ = {isa = PBXBuildFile; fileRef = F417484817064B8300CCB139 /* GTLDateTime.m */; settings = {COMPILER_FLAGS = "-fno-objc-arc"; }; };
		F41748B817064B8400CCB139 /* GTLErrorObject.m in Sources */ = {isa = PBXBuildFile; fileRef = F417484B17064B8300CCB139 /* GTLErrorObject.m */; settings = {COMPILER_FLAGS = "-fno-objc-arc"; }; };
		F41748B917064B8400CCB139 /* GTLFramework.m in Sources */ = {isa = PBXBuildFile; fileRef = F417484D17064B8300CCB139 /* GTLFramework.m */; settings = {COMPILER_FLAGS = "-fno-objc-arc"; }; };
		F41748BA17064B8400CCB139 /* GTLJSONParser.m in Sources */ = {isa = PBXBuildFile; fileRef = F417484F17064B8300CCB139 /* GTLJSONParser.m */; settings = {COMPILER_FLAGS = "-fno-objc-arc"; }; };
		F41748BB17064B8400CCB139 /* GTLObject.m in Sources */ = {isa = PBXBuildFile; fileRef = F417485117064B8300CCB139 /* GTLObject.m */; settings = {COMPILER_FLAGS = "-fno-objc-arc"; }; };
		F41748BC17064B8400CCB139 /* GTLPlusAcl.m in Sources */ = {isa = PBXBuildFile; fileRef = F417485517064B8300CCB139 /* GTLPlusAcl.m */; settings = {COMPILER_FLAGS = "-fno-objc-arc"; }; };
		F41748BD17064B8400CCB139 /* GTLPlusAclentryResource.m in Sources */ = {isa = PBXBuildFile; fileRef = F417485717064B8300CCB139 /* GTLPlusAclentryResource.m */; settings = {COMPILER_FLAGS = "-fno-objc-arc"; }; };
		F41748BE17064B8400CCB139 /* GTLPlusActivity.m in Sources */ = {isa = PBXBuildFile; fileRef = F417485917064B8300CCB139 /* GTLPlusActivity.m */; settings = {COMPILER_FLAGS = "-fno-objc-arc"; }; };
		F41748BF17064B8400CCB139 /* GTLPlusActivityFeed.m in Sources */ = {isa = PBXBuildFile; fileRef = F417485B17064B8300CCB139 /* GTLPlusActivityFeed.m */; settings = {COMPILER_FLAGS = "-fno-objc-arc"; }; };
		F41748C017064B8400CCB139 /* GTLPlusComment.m in Sources */ = {isa = PBXBuildFile; fileRef = F417485D17064B8300CCB139 /* GTLPlusComment.m */; settings = {COMPILER_FLAGS = "-fno-objc-arc"; }; };
		F41748C117064B8400CCB139 /* GTLPlusCommentFeed.m in Sources */ = {isa = PBXBuildFile; fileRef = F417485F17064B8300CCB139 /* GTLPlusCommentFeed.m */; settings = {COMPILER_FLAGS = "-fno-objc-arc"; }; };
		F41748C217064B8400CCB139 /* GTLPlusConstants.m in Sources */ = {isa = PBXBuildFile; fileRef = F417486117064B8300CCB139 /* GTLPlusConstants.m */; settings = {COMPILER_FLAGS = "-fno-objc-arc"; }; };
		F41748C317064B8400CCB139 /* GTLPlusItemScope.m in Sources */ = {isa = PBXBuildFile; fileRef = F417486317064B8300CCB139 /* GTLPlusItemScope.m */; settings = {COMPILER_FLAGS = "-fno-objc-arc"; }; };
		F41748C417064B8400CCB139 /* GTLPlusMoment.m in Sources */ = {isa = PBXBuildFile; fileRef = F417486517064B8300CCB139 /* GTLPlusMoment.m */; settings = {COMPILER_FLAGS = "-fno-objc-arc"; }; };
		F41748C517064B8400CCB139 /* GTLPlusMomentsFeed.m in Sources */ = {isa = PBXBuildFile; fileRef = F417486717064B8300CCB139 /* GTLPlusMomentsFeed.m */; settings = {COMPILER_FLAGS = "-fno-objc-arc"; }; };
		F41748C617064B8400CCB139 /* GTLPlusPeopleFeed.m in Sources */ = {isa = PBXBuildFile; fileRef = F417486917064B8300CCB139 /* GTLPlusPeopleFeed.m */; settings = {COMPILER_FLAGS = "-fno-objc-arc"; }; };
		F41748C717064B8400CCB139 /* GTLPlusPerson.m in Sources */ = {isa = PBXBuildFile; fileRef = F417486B17064B8300CCB139 /* GTLPlusPerson.m */; settings = {COMPILER_FLAGS = "-fno-objc-arc"; }; };
		F41748C817064B8400CCB139 /* GTLQueryPlus.m in Sources */ = {isa = PBXBuildFile; fileRef = F417486D17064B8300CCB139 /* GTLQueryPlus.m */; settings = {COMPILER_FLAGS = "-fno-objc-arc"; }; };
		F41748C917064B8400CCB139 /* GTLServicePlus.m in Sources */ = {isa = PBXBuildFile; fileRef = F417486F17064B8300CCB139 /* GTLServicePlus.m */; settings = {COMPILER_FLAGS = "-fno-objc-arc"; }; };
		F41748CA17064B8400CCB139 /* GTLQuery.m in Sources */ = {isa = PBXBuildFile; fileRef = F417487117064B8300CCB139 /* GTLQuery.m */; settings = {COMPILER_FLAGS = "-fno-objc-arc"; }; };
		F41748CB17064B8400CCB139 /* GTLRuntimeCommon.m in Sources */ = {isa = PBXBuildFile; fileRef = F417487317064B8300CCB139 /* GTLRuntimeCommon.m */; settings = {COMPILER_FLAGS = "-fno-objc-arc"; }; };
		F41748CC17064B8400CCB139 /* GTLService.m in Sources */ = {isa = PBXBuildFile; fileRef = F417487517064B8300CCB139 /* GTLService.m */; settings = {COMPILER_FLAGS = "-fno-objc-arc"; }; };
		F41748CD17064B8400CCB139 /* GTLUploadParameters.m in Sources */ = {isa = PBXBuildFile; fileRef = F417487817064B8300CCB139 /* GTLUploadParameters.m */; settings = {COMPILER_FLAGS = "-fno-objc-arc"; }; };
		F41748CE17064B8400CCB139 /* GTLUtilities.m in Sources */ = {isa = PBXBuildFile; fileRef = F417487A17064B8300CCB139 /* GTLUtilities.m */; settings = {COMPILER_FLAGS = "-fno-objc-arc"; }; };
		F41748CF17064B8400CCB139 /* GTMHTTPFetcher.m in Sources */ = {isa = PBXBuildFile; fileRef = F417487E17064B8300CCB139 /* GTMHTTPFetcher.m */; settings = {COMPILER_FLAGS = "-fno-objc-arc"; }; };
		F41748D017064B8400CCB139 /* GTMHTTPFetcherLogging.m in Sources */ = {isa = PBXBuildFile; fileRef = F417488017064B8300CCB139 /* GTMHTTPFetcherLogging.m */; settings = {COMPILER_FLAGS = "-fno-objc-arc"; }; };
		F41748D117064B8400CCB139 /* GTMHTTPFetcherService.m in Sources */ = {isa = PBXBuildFile; fileRef = F417488217064B8300CCB139 /* GTMHTTPFetcherService.m */; settings = {COMPILER_FLAGS = "-fno-objc-arc"; }; };
		F41748D217064B8400CCB139 /* GTMHTTPFetchHistory.m in Sources */ = {isa = PBXBuildFile; fileRef = F417488417064B8300CCB139 /* GTMHTTPFetchHistory.m */; settings = {COMPILER_FLAGS = "-fno-objc-arc"; }; };
		F41748D317064B8400CCB139 /* GTMLogger.m in Sources */ = {isa = PBXBuildFile; fileRef = F417488617064B8300CCB139 /* GTMLogger.m */; settings = {COMPILER_FLAGS = "-fno-objc-arc"; }; };
		F41748D417064B8400CCB139 /* GTMMethodCheck.m in Sources */ = {isa = PBXBuildFile; fileRef = F417488817064B8300CCB139 /* GTMMethodCheck.m */; settings = {COMPILER_FLAGS = "-fno-objc-arc"; }; };
		F41748D517064B8400CCB139 /* GTMNSDictionary+URLArguments.m in Sources */ = {isa = PBXBuildFile; fileRef = F417488A17064B8300CCB139 /* GTMNSDictionary+URLArguments.m */; settings = {COMPILER_FLAGS = "-fno-objc-arc"; }; };
		F41748D617064B8400CCB139 /* GTMNSString+URLArguments.m in Sources */ = {isa = PBXBuildFile; fileRef = F417488C17064B8300CCB139 /* GTMNSString+URLArguments.m */; settings = {COMPILER_FLAGS = "-fno-objc-arc"; }; };
		F41748D717064B8400CCB139 /* GTMOAuth2Authentication.m in Sources */ = {isa = PBXBuildFile; fileRef = F417488E17064B8300CCB139 /* GTMOAuth2Authentication.m */; settings = {COMPILER_FLAGS = "-fno-objc-arc"; }; };
		F41748D817064B8400CCB139 /* GTMOAuth2SignIn.m in Sources */ = {isa = PBXBuildFile; fileRef = F417489017064B8300CCB139 /* GTMOAuth2SignIn.m */; settings = {COMPILER_FLAGS = "-fno-objc-arc"; }; };
		F41748D917064B8400CCB139 /* GTMOAuth2ViewControllerTouch.m in Sources */ = {isa = PBXBuildFile; fileRef = F417489217064B8300CCB139 /* GTMOAuth2ViewControllerTouch.m */; settings = {COMPILER_FLAGS = "-fno-objc-arc"; }; };
		F41748DA17064B8400CCB139 /* GTMOAuth2ViewTouch.xib in Resources */ = {isa = PBXBuildFile; fileRef = F417489317064B8300CCB139 /* GTMOAuth2ViewTouch.xib */; };
		F41748DB17064B8400CCB139 /* GTMObjC2Runtime.m in Sources */ = {isa = PBXBuildFile; fileRef = F417489517064B8300CCB139 /* GTMObjC2Runtime.m */; settings = {COMPILER_FLAGS = "-fno-objc-arc"; }; };
		F41748DC17064B8400CCB139 /* OpenInChromeController.m in Sources */ = {isa = PBXBuildFile; fileRef = F417489717064B8300CCB139 /* OpenInChromeController.m */; settings = {COMPILER_FLAGS = "-fno-objc-arc"; }; };
		F41748DD17064B8400CCB139 /* facebook-icon.png in Resources */ = {isa = PBXBuildFile; fileRef = F417489917064B8300CCB139 /* facebook-icon.png */; };
		F41748DE17064B8400CCB139 /* facebook-icon@2x.png in Resources */ = {isa = PBXBuildFile; fileRef = F417489A17064B8300CCB139 /* facebook-icon@2x.png */; };
		F41748DF17064B8400CCB139 /* googleplus-icon.png in Resources */ = {isa = PBXBuildFile; fileRef = F417489B17064B8300CCB139 /* googleplus-icon.png */; };
		F41748E017064B8400CCB139 /* googleplus-icon@2x.png in Resources */ = {isa = PBXBuildFile; fileRef = F417489C17064B8300CCB139 /* googleplus-icon@2x.png */; };
		F41748E117064B8400CCB139 /* mail-icon.png in Resources */ = {isa = PBXBuildFile; fileRef = F417489D17064B8300CCB139 /* mail-icon.png */; };
		F41748E217064B8400CCB139 /* mail-icon@2x.png in Resources */ = {isa = PBXBuildFile; fileRef = F417489E17064B8300CCB139 /* mail-icon@2x.png */; };
		F41748E317064B8400CCB139 /* sina_weibo-icon.png in Resources */ = {isa = PBXBuildFile; fileRef = F417489F17064B8300CCB139 /* sina_weibo-icon.png */; };
		F41748E417064B8400CCB139 /* sina_weibo-icon@2x.png in Resources */ = {isa = PBXBuildFile; fileRef = F41748A017064B8300CCB139 /* sina_weibo-icon@2x.png */; };
		F41748E517064B8400CCB139 /* twitter-icon.png in Resources */ = {isa = PBXBuildFile; fileRef = F41748A117064B8300CCB139 /* twitter-icon.png */; };
		F41748E617064B8400CCB139 /* twitter-icon@2x.png in Resources */ = {isa = PBXBuildFile; fileRef = F41748A217064B8300CCB139 /* twitter-icon@2x.png */; };
		F41748E717064B8400CCB139 /* SGFacebookActivity.m in Sources */ = {isa = PBXBuildFile; fileRef = F41748A417064B8300CCB139 /* SGFacebookActivity.m */; };
		F41748E817064B8400CCB139 /* SGMailActivity.m in Sources */ = {isa = PBXBuildFile; fileRef = F41748A617064B8300CCB139 /* SGMailActivity.m */; };
		F41748E917064B8400CCB139 /* SGPlusActivity.m in Sources */ = {isa = PBXBuildFile; fileRef = F41748A817064B8300CCB139 /* SGPlusActivity.m */; };
		F41748EA17064B8400CCB139 /* SGSinaWeiboActivity.m in Sources */ = {isa = PBXBuildFile; fileRef = F41748AA17064B8300CCB139 /* SGSinaWeiboActivity.m */; };
		F41748EB17064B8400CCB139 /* SGSocialActivity.m in Sources */ = {isa = PBXBuildFile; fileRef = F41748AC17064B8300CCB139 /* SGSocialActivity.m */; };
		F41748EC17064B8400CCB139 /* SGTwitterActivity.m in Sources */ = {isa = PBXBuildFile; fileRef = F41748AE17064B8300CCB139 /* SGTwitterActivity.m */; };
		F41748ED17064B8400CCB139 /* SGActivity.m in Sources */ = {isa = PBXBuildFile; fileRef = F41748B017064B8300CCB139 /* SGActivity.m */; };
		F41748EE17064B8400CCB139 /* SGActivityView.m in Sources */ = {isa = PBXBuildFile; fileRef = F41748B217064B8300CCB139 /* SGActivityView.m */; };
		F4625CD316D941A2006B3D62 /* UIKit.framework in Frameworks */ = {isa = PBXBuildFile; fileRef = F4625CD216D941A2006B3D62 /* UIKit.framework */; };
		F4625CD516D941A2006B3D62 /* Foundation.framework in Frameworks */ = {isa = PBXBuildFile; fileRef = F4625CD416D941A2006B3D62 /* Foundation.framework */; };
		F4625CD716D941A2006B3D62 /* CoreGraphics.framework in Frameworks */ = {isa = PBXBuildFile; fileRef = F4625CD616D941A2006B3D62 /* CoreGraphics.framework */; };
		F4625CDD16D941A3006B3D62 /* InfoPlist.strings in Resources */ = {isa = PBXBuildFile; fileRef = F4625CDB16D941A3006B3D62 /* InfoPlist.strings */; };
		F4625CDF16D941A3006B3D62 /* main.m in Sources */ = {isa = PBXBuildFile; fileRef = F4625CDE16D941A3006B3D62 /* main.m */; };
		F4625CE316D941A3006B3D62 /* SGAppDelegate.m in Sources */ = {isa = PBXBuildFile; fileRef = F4625CE216D941A3006B3D62 /* SGAppDelegate.m */; };
		F4625CE516D941A3006B3D62 /* Default.png in Resources */ = {isa = PBXBuildFile; fileRef = F4625CE416D941A3006B3D62 /* Default.png */; };
		F4625CE716D941A3006B3D62 /* Default@2x.png in Resources */ = {isa = PBXBuildFile; fileRef = F4625CE616D941A3006B3D62 /* Default@2x.png */; };
		F4625CE916D941A3006B3D62 /* Default-568h@2x.png in Resources */ = {isa = PBXBuildFile; fileRef = F4625CE816D941A3006B3D62 /* Default-568h@2x.png */; };
		F48C5A8616DA9DE000264CB2 /* Social.framework in Frameworks */ = {isa = PBXBuildFile; fileRef = F48C5A8516DA9DE000264CB2 /* Social.framework */; settings = {ATTRIBUTES = (Weak, ); }; };
		F48C5A8816DA9DE700264CB2 /* Twitter.framework in Frameworks */ = {isa = PBXBuildFile; fileRef = F48C5A8716DA9DE700264CB2 /* Twitter.framework */; };
		F48C5A8E16DAA01700264CB2 /* MessageUI.framework in Frameworks */ = {isa = PBXBuildFile; fileRef = F48C5A8D16DAA01700264CB2 /* MessageUI.framework */; };
		F48C5A9E16DBAAB800264CB2 /* SGDemoViewController.m in Sources */ = {isa = PBXBuildFile; fileRef = F48C5A9D16DBAAB800264CB2 /* SGDemoViewController.m */; };
		F49820E417064CFF009A8F4A /* MobileCoreServices.framework in Frameworks */ = {isa = PBXBuildFile; fileRef = F40B6C5E16E1275F007CB650 /* MobileCoreServices.framework */; };
/* End PBXBuildFile section */

/* Begin PBXFileReference section */
		F40B6C5C16E1274D007CB650 /* Security.framework */ = {isa = PBXFileReference; lastKnownFileType = wrapper.framework; name = Security.framework; path = System/Library/Frameworks/Security.framework; sourceTree = SDKROOT; };
		F40B6C5E16E1275F007CB650 /* MobileCoreServices.framework */ = {isa = PBXFileReference; lastKnownFileType = wrapper.framework; name = MobileCoreServices.framework; path = System/Library/Frameworks/MobileCoreServices.framework; sourceTree = SDKROOT; };
		F40B6C6016E12773007CB650 /* CFNetwork.framework */ = {isa = PBXFileReference; lastKnownFileType = wrapper.framework; name = CFNetwork.framework; path = System/Library/Frameworks/CFNetwork.framework; sourceTree = SDKROOT; };
		F40B6C6216E1279E007CB650 /* SystemConfiguration.framework */ = {isa = PBXFileReference; lastKnownFileType = wrapper.framework; name = SystemConfiguration.framework; path = System/Library/Frameworks/SystemConfiguration.framework; sourceTree = SDKROOT; };
		F417483917064B8300CCB139 /* GPPDeepLink.h */ = {isa = PBXFileReference; fileEncoding = 4; lastKnownFileType = sourcecode.c.h; path = GPPDeepLink.h; sourceTree = "<group>"; };
		F417483A17064B8300CCB139 /* GPPShare.h */ = {isa = PBXFileReference; fileEncoding = 4; lastKnownFileType = sourcecode.c.h; path = GPPShare.h; sourceTree = "<group>"; };
		F417483B17064B8300CCB139 /* GPPSignIn.h */ = {isa = PBXFileReference; fileEncoding = 4; lastKnownFileType = sourcecode.c.h; path = GPPSignIn.h; sourceTree = "<group>"; };
		F417483C17064B8300CCB139 /* GPPSignInButton.h */ = {isa = PBXFileReference; fileEncoding = 4; lastKnownFileType = sourcecode.c.h; path = GPPSignInButton.h; sourceTree = "<group>"; };
		F417483D17064B8300CCB139 /* GPPURLHandler.h */ = {isa = PBXFileReference; fileEncoding = 4; lastKnownFileType = sourcecode.c.h; path = GPPURLHandler.h; sourceTree = "<group>"; };
		F417483E17064B8300CCB139 /* libGooglePlusUniversal.a */ = {isa = PBXFileReference; lastKnownFileType = archive.ar; path = libGooglePlusUniversal.a; sourceTree = "<group>"; };
		F417484117064B8300CCB139 /* GTLBase64.h */ = {isa = PBXFileReference; fileEncoding = 4; lastKnownFileType = sourcecode.c.h; path = GTLBase64.h; sourceTree = "<group>"; };
		F417484217064B8300CCB139 /* GTLBase64.m */ = {isa = PBXFileReference; fileEncoding = 4; lastKnownFileType = sourcecode.c.objc; path = GTLBase64.m; sourceTree = "<group>"; };
		F417484317064B8300CCB139 /* GTLBatchQuery.h */ = {isa = PBXFileReference; fileEncoding = 4; lastKnownFileType = sourcecode.c.h; path = GTLBatchQuery.h; sourceTree = "<group>"; };
		F417484417064B8300CCB139 /* GTLBatchQuery.m */ = {isa = PBXFileReference; fileEncoding = 4; lastKnownFileType = sourcecode.c.objc; path = GTLBatchQuery.m; sourceTree = "<group>"; };
		F417484517064B8300CCB139 /* GTLBatchResult.h */ = {isa = PBXFileReference; fileEncoding = 4; lastKnownFileType = sourcecode.c.h; path = GTLBatchResult.h; sourceTree = "<group>"; };
		F417484617064B8300CCB139 /* GTLBatchResult.m */ = {isa = PBXFileReference; fileEncoding = 4; lastKnownFileType = sourcecode.c.objc; path = GTLBatchResult.m; sourceTree = "<group>"; };
		F417484717064B8300CCB139 /* GTLDateTime.h */ = {isa = PBXFileReference; fileEncoding = 4; lastKnownFileType = sourcecode.c.h; path = GTLDateTime.h; sourceTree = "<group>"; };
		F417484817064B8300CCB139 /* GTLDateTime.m */ = {isa = PBXFileReference; fileEncoding = 4; lastKnownFileType = sourcecode.c.objc; path = GTLDateTime.m; sourceTree = "<group>"; };
		F417484917064B8300CCB139 /* GTLDefines.h */ = {isa = PBXFileReference; fileEncoding = 4; lastKnownFileType = sourcecode.c.h; path = GTLDefines.h; sourceTree = "<group>"; };
		F417484A17064B8300CCB139 /* GTLErrorObject.h */ = {isa = PBXFileReference; fileEncoding = 4; lastKnownFileType = sourcecode.c.h; path = GTLErrorObject.h; sourceTree = "<group>"; };
		F417484B17064B8300CCB139 /* GTLErrorObject.m */ = {isa = PBXFileReference; fileEncoding = 4; lastKnownFileType = sourcecode.c.objc; path = GTLErrorObject.m; sourceTree = "<group>"; };
		F417484C17064B8300CCB139 /* GTLFramework.h */ = {isa = PBXFileReference; fileEncoding = 4; lastKnownFileType = sourcecode.c.h; path = GTLFramework.h; sourceTree = "<group>"; };
		F417484D17064B8300CCB139 /* GTLFramework.m */ = {isa = PBXFileReference; fileEncoding = 4; lastKnownFileType = sourcecode.c.objc; path = GTLFramework.m; sourceTree = "<group>"; };
		F417484E17064B8300CCB139 /* GTLJSONParser.h */ = {isa = PBXFileReference; fileEncoding = 4; lastKnownFileType = sourcecode.c.h; path = GTLJSONParser.h; sourceTree = "<group>"; };
		F417484F17064B8300CCB139 /* GTLJSONParser.m */ = {isa = PBXFileReference; fileEncoding = 4; lastKnownFileType = sourcecode.c.objc; path = GTLJSONParser.m; sourceTree = "<group>"; };
		F417485017064B8300CCB139 /* GTLObject.h */ = {isa = PBXFileReference; fileEncoding = 4; lastKnownFileType = sourcecode.c.h; path = GTLObject.h; sourceTree = "<group>"; };
		F417485117064B8300CCB139 /* GTLObject.m */ = {isa = PBXFileReference; fileEncoding = 4; lastKnownFileType = sourcecode.c.objc; path = GTLObject.m; sourceTree = "<group>"; };
		F417485317064B8300CCB139 /* GTLPlus.h */ = {isa = PBXFileReference; fileEncoding = 4; lastKnownFileType = sourcecode.c.h; path = GTLPlus.h; sourceTree = "<group>"; };
		F417485417064B8300CCB139 /* GTLPlusAcl.h */ = {isa = PBXFileReference; fileEncoding = 4; lastKnownFileType = sourcecode.c.h; path = GTLPlusAcl.h; sourceTree = "<group>"; };
		F417485517064B8300CCB139 /* GTLPlusAcl.m */ = {isa = PBXFileReference; fileEncoding = 4; lastKnownFileType = sourcecode.c.objc; path = GTLPlusAcl.m; sourceTree = "<group>"; };
		F417485617064B8300CCB139 /* GTLPlusAclentryResource.h */ = {isa = PBXFileReference; fileEncoding = 4; lastKnownFileType = sourcecode.c.h; path = GTLPlusAclentryResource.h; sourceTree = "<group>"; };
		F417485717064B8300CCB139 /* GTLPlusAclentryResource.m */ = {isa = PBXFileReference; fileEncoding = 4; lastKnownFileType = sourcecode.c.objc; path = GTLPlusAclentryResource.m; sourceTree = "<group>"; };
		F417485817064B8300CCB139 /* GTLPlusActivity.h */ = {isa = PBXFileReference; fileEncoding = 4; lastKnownFileType = sourcecode.c.h; path = GTLPlusActivity.h; sourceTree = "<group>"; };
		F417485917064B8300CCB139 /* GTLPlusActivity.m */ = {isa = PBXFileReference; fileEncoding = 4; lastKnownFileType = sourcecode.c.objc; path = GTLPlusActivity.m; sourceTree = "<group>"; };
		F417485A17064B8300CCB139 /* GTLPlusActivityFeed.h */ = {isa = PBXFileReference; fileEncoding = 4; lastKnownFileType = sourcecode.c.h; path = GTLPlusActivityFeed.h; sourceTree = "<group>"; };
		F417485B17064B8300CCB139 /* GTLPlusActivityFeed.m */ = {isa = PBXFileReference; fileEncoding = 4; lastKnownFileType = sourcecode.c.objc; path = GTLPlusActivityFeed.m; sourceTree = "<group>"; };
		F417485C17064B8300CCB139 /* GTLPlusComment.h */ = {isa = PBXFileReference; fileEncoding = 4; lastKnownFileType = sourcecode.c.h; path = GTLPlusComment.h; sourceTree = "<group>"; };
		F417485D17064B8300CCB139 /* GTLPlusComment.m */ = {isa = PBXFileReference; fileEncoding = 4; lastKnownFileType = sourcecode.c.objc; path = GTLPlusComment.m; sourceTree = "<group>"; };
		F417485E17064B8300CCB139 /* GTLPlusCommentFeed.h */ = {isa = PBXFileReference; fileEncoding = 4; lastKnownFileType = sourcecode.c.h; path = GTLPlusCommentFeed.h; sourceTree = "<group>"; };
		F417485F17064B8300CCB139 /* GTLPlusCommentFeed.m */ = {isa = PBXFileReference; fileEncoding = 4; lastKnownFileType = sourcecode.c.objc; path = GTLPlusCommentFeed.m; sourceTree = "<group>"; };
		F417486017064B8300CCB139 /* GTLPlusConstants.h */ = {isa = PBXFileReference; fileEncoding = 4; lastKnownFileType = sourcecode.c.h; path = GTLPlusConstants.h; sourceTree = "<group>"; };
		F417486117064B8300CCB139 /* GTLPlusConstants.m */ = {isa = PBXFileReference; fileEncoding = 4; lastKnownFileType = sourcecode.c.objc; path = GTLPlusConstants.m; sourceTree = "<group>"; };
		F417486217064B8300CCB139 /* GTLPlusItemScope.h */ = {isa = PBXFileReference; fileEncoding = 4; lastKnownFileType = sourcecode.c.h; path = GTLPlusItemScope.h; sourceTree = "<group>"; };
		F417486317064B8300CCB139 /* GTLPlusItemScope.m */ = {isa = PBXFileReference; fileEncoding = 4; lastKnownFileType = sourcecode.c.objc; path = GTLPlusItemScope.m; sourceTree = "<group>"; };
		F417486417064B8300CCB139 /* GTLPlusMoment.h */ = {isa = PBXFileReference; fileEncoding = 4; lastKnownFileType = sourcecode.c.h; path = GTLPlusMoment.h; sourceTree = "<group>"; };
		F417486517064B8300CCB139 /* GTLPlusMoment.m */ = {isa = PBXFileReference; fileEncoding = 4; lastKnownFileType = sourcecode.c.objc; path = GTLPlusMoment.m; sourceTree = "<group>"; };
		F417486617064B8300CCB139 /* GTLPlusMomentsFeed.h */ = {isa = PBXFileReference; fileEncoding = 4; lastKnownFileType = sourcecode.c.h; path = GTLPlusMomentsFeed.h; sourceTree = "<group>"; };
		F417486717064B8300CCB139 /* GTLPlusMomentsFeed.m */ = {isa = PBXFileReference; fileEncoding = 4; lastKnownFileType = sourcecode.c.objc; path = GTLPlusMomentsFeed.m; sourceTree = "<group>"; };
		F417486817064B8300CCB139 /* GTLPlusPeopleFeed.h */ = {isa = PBXFileReference; fileEncoding = 4; lastKnownFileType = sourcecode.c.h; path = GTLPlusPeopleFeed.h; sourceTree = "<group>"; };
		F417486917064B8300CCB139 /* GTLPlusPeopleFeed.m */ = {isa = PBXFileReference; fileEncoding = 4; lastKnownFileType = sourcecode.c.objc; path = GTLPlusPeopleFeed.m; sourceTree = "<group>"; };
		F417486A17064B8300CCB139 /* GTLPlusPerson.h */ = {isa = PBXFileReference; fileEncoding = 4; lastKnownFileType = sourcecode.c.h; path = GTLPlusPerson.h; sourceTree = "<group>"; };
		F417486B17064B8300CCB139 /* GTLPlusPerson.m */ = {isa = PBXFileReference; fileEncoding = 4; lastKnownFileType = sourcecode.c.objc; path = GTLPlusPerson.m; sourceTree = "<group>"; };
		F417486C17064B8300CCB139 /* GTLQueryPlus.h */ = {isa = PBXFileReference; fileEncoding = 4; lastKnownFileType = sourcecode.c.h; path = GTLQueryPlus.h; sourceTree = "<group>"; };
		F417486D17064B8300CCB139 /* GTLQueryPlus.m */ = {isa = PBXFileReference; fileEncoding = 4; lastKnownFileType = sourcecode.c.objc; path = GTLQueryPlus.m; sourceTree = "<group>"; };
		F417486E17064B8300CCB139 /* GTLServicePlus.h */ = {isa = PBXFileReference; fileEncoding = 4; lastKnownFileType = sourcecode.c.h; path = GTLServicePlus.h; sourceTree = "<group>"; };
		F417486F17064B8300CCB139 /* GTLServicePlus.m */ = {isa = PBXFileReference; fileEncoding = 4; lastKnownFileType = sourcecode.c.objc; path = GTLServicePlus.m; sourceTree = "<group>"; };
		F417487017064B8300CCB139 /* GTLQuery.h */ = {isa = PBXFileReference; fileEncoding = 4; lastKnownFileType = sourcecode.c.h; path = GTLQuery.h; sourceTree = "<group>"; };
		F417487117064B8300CCB139 /* GTLQuery.m */ = {isa = PBXFileReference; fileEncoding = 4; lastKnownFileType = sourcecode.c.objc; path = GTLQuery.m; sourceTree = "<group>"; };
		F417487217064B8300CCB139 /* GTLRuntimeCommon.h */ = {isa = PBXFileReference; fileEncoding = 4; lastKnownFileType = sourcecode.c.h; path = GTLRuntimeCommon.h; sourceTree = "<group>"; };
		F417487317064B8300CCB139 /* GTLRuntimeCommon.m */ = {isa = PBXFileReference; fileEncoding = 4; lastKnownFileType = sourcecode.c.objc; path = GTLRuntimeCommon.m; sourceTree = "<group>"; };
		F417487417064B8300CCB139 /* GTLService.h */ = {isa = PBXFileReference; fileEncoding = 4; lastKnownFileType = sourcecode.c.h; path = GTLService.h; sourceTree = "<group>"; };
		F417487517064B8300CCB139 /* GTLService.m */ = {isa = PBXFileReference; fileEncoding = 4; lastKnownFileType = sourcecode.c.objc; path = GTLService.m; sourceTree = "<group>"; };
		F417487617064B8300CCB139 /* GTLTargetNamespace.h */ = {isa = PBXFileReference; fileEncoding = 4; lastKnownFileType = sourcecode.c.h; path = GTLTargetNamespace.h; sourceTree = "<group>"; };
		F417487717064B8300CCB139 /* GTLUploadParameters.h */ = {isa = PBXFileReference; fileEncoding = 4; lastKnownFileType = sourcecode.c.h; path = GTLUploadParameters.h; sourceTree = "<group>"; };
		F417487817064B8300CCB139 /* GTLUploadParameters.m */ = {isa = PBXFileReference; fileEncoding = 4; lastKnownFileType = sourcecode.c.objc; path = GTLUploadParameters.m; sourceTree = "<group>"; };
		F417487917064B8300CCB139 /* GTLUtilities.h */ = {isa = PBXFileReference; fileEncoding = 4; lastKnownFileType = sourcecode.c.h; path = GTLUtilities.h; sourceTree = "<group>"; };
		F417487A17064B8300CCB139 /* GTLUtilities.m */ = {isa = PBXFileReference; fileEncoding = 4; lastKnownFileType = sourcecode.c.objc; path = GTLUtilities.m; sourceTree = "<group>"; };
		F417487B17064B8300CCB139 /* GTMDefines.h */ = {isa = PBXFileReference; fileEncoding = 4; lastKnownFileType = sourcecode.c.h; path = GTMDefines.h; sourceTree = "<group>"; };
		F417487C17064B8300CCB139 /* GTMGarbageCollection.h */ = {isa = PBXFileReference; fileEncoding = 4; lastKnownFileType = sourcecode.c.h; path = GTMGarbageCollection.h; sourceTree = "<group>"; };
		F417487D17064B8300CCB139 /* GTMHTTPFetcher.h */ = {isa = PBXFileReference; fileEncoding = 4; lastKnownFileType = sourcecode.c.h; path = GTMHTTPFetcher.h; sourceTree = "<group>"; };
		F417487E17064B8300CCB139 /* GTMHTTPFetcher.m */ = {isa = PBXFileReference; fileEncoding = 4; lastKnownFileType = sourcecode.c.objc; path = GTMHTTPFetcher.m; sourceTree = "<group>"; };
		F417487F17064B8300CCB139 /* GTMHTTPFetcherLogging.h */ = {isa = PBXFileReference; fileEncoding = 4; lastKnownFileType = sourcecode.c.h; path = GTMHTTPFetcherLogging.h; sourceTree = "<group>"; };
		F417488017064B8300CCB139 /* GTMHTTPFetcherLogging.m */ = {isa = PBXFileReference; fileEncoding = 4; lastKnownFileType = sourcecode.c.objc; path = GTMHTTPFetcherLogging.m; sourceTree = "<group>"; };
		F417488117064B8300CCB139 /* GTMHTTPFetcherService.h */ = {isa = PBXFileReference; fileEncoding = 4; lastKnownFileType = sourcecode.c.h; path = GTMHTTPFetcherService.h; sourceTree = "<group>"; };
		F417488217064B8300CCB139 /* GTMHTTPFetcherService.m */ = {isa = PBXFileReference; fileEncoding = 4; lastKnownFileType = sourcecode.c.objc; path = GTMHTTPFetcherService.m; sourceTree = "<group>"; };
		F417488317064B8300CCB139 /* GTMHTTPFetchHistory.h */ = {isa = PBXFileReference; fileEncoding = 4; lastKnownFileType = sourcecode.c.h; path = GTMHTTPFetchHistory.h; sourceTree = "<group>"; };
		F417488417064B8300CCB139 /* GTMHTTPFetchHistory.m */ = {isa = PBXFileReference; fileEncoding = 4; lastKnownFileType = sourcecode.c.objc; path = GTMHTTPFetchHistory.m; sourceTree = "<group>"; };
		F417488517064B8300CCB139 /* GTMLogger.h */ = {isa = PBXFileReference; fileEncoding = 4; lastKnownFileType = sourcecode.c.h; path = GTMLogger.h; sourceTree = "<group>"; };
		F417488617064B8300CCB139 /* GTMLogger.m */ = {isa = PBXFileReference; fileEncoding = 4; lastKnownFileType = sourcecode.c.objc; path = GTMLogger.m; sourceTree = "<group>"; };
		F417488717064B8300CCB139 /* GTMMethodCheck.h */ = {isa = PBXFileReference; fileEncoding = 4; lastKnownFileType = sourcecode.c.h; path = GTMMethodCheck.h; sourceTree = "<group>"; };
		F417488817064B8300CCB139 /* GTMMethodCheck.m */ = {isa = PBXFileReference; fileEncoding = 4; lastKnownFileType = sourcecode.c.objc; path = GTMMethodCheck.m; sourceTree = "<group>"; };
		F417488917064B8300CCB139 /* GTMNSDictionary+URLArguments.h */ = {isa = PBXFileReference; fileEncoding = 4; lastKnownFileType = sourcecode.c.h; path = "GTMNSDictionary+URLArguments.h"; sourceTree = "<group>"; };
		F417488A17064B8300CCB139 /* GTMNSDictionary+URLArguments.m */ = {isa = PBXFileReference; fileEncoding = 4; lastKnownFileType = sourcecode.c.objc; path = "GTMNSDictionary+URLArguments.m"; sourceTree = "<group>"; };
		F417488B17064B8300CCB139 /* GTMNSString+URLArguments.h */ = {isa = PBXFileReference; fileEncoding = 4; lastKnownFileType = sourcecode.c.h; path = "GTMNSString+URLArguments.h"; sourceTree = "<group>"; };
		F417488C17064B8300CCB139 /* GTMNSString+URLArguments.m */ = {isa = PBXFileReference; fileEncoding = 4; lastKnownFileType = sourcecode.c.objc; path = "GTMNSString+URLArguments.m"; sourceTree = "<group>"; };
		F417488D17064B8300CCB139 /* GTMOAuth2Authentication.h */ = {isa = PBXFileReference; fileEncoding = 4; lastKnownFileType = sourcecode.c.h; path = GTMOAuth2Authentication.h; sourceTree = "<group>"; };
		F417488E17064B8300CCB139 /* GTMOAuth2Authentication.m */ = {isa = PBXFileReference; fileEncoding = 4; lastKnownFileType = sourcecode.c.objc; path = GTMOAuth2Authentication.m; sourceTree = "<group>"; };
		F417488F17064B8300CCB139 /* GTMOAuth2SignIn.h */ = {isa = PBXFileReference; fileEncoding = 4; lastKnownFileType = sourcecode.c.h; path = GTMOAuth2SignIn.h; sourceTree = "<group>"; };
		F417489017064B8300CCB139 /* GTMOAuth2SignIn.m */ = {isa = PBXFileReference; fileEncoding = 4; lastKnownFileType = sourcecode.c.objc; path = GTMOAuth2SignIn.m; sourceTree = "<group>"; };
		F417489117064B8300CCB139 /* GTMOAuth2ViewControllerTouch.h */ = {isa = PBXFileReference; fileEncoding = 4; lastKnownFileType = sourcecode.c.h; path = GTMOAuth2ViewControllerTouch.h; sourceTree = "<group>"; };
		F417489217064B8300CCB139 /* GTMOAuth2ViewControllerTouch.m */ = {isa = PBXFileReference; fileEncoding = 4; lastKnownFileType = sourcecode.c.objc; path = GTMOAuth2ViewControllerTouch.m; sourceTree = "<group>"; };
		F417489317064B8300CCB139 /* GTMOAuth2ViewTouch.xib */ = {isa = PBXFileReference; fileEncoding = 4; lastKnownFileType = file.xib; path = GTMOAuth2ViewTouch.xib; sourceTree = "<group>"; };
		F417489417064B8300CCB139 /* GTMObjC2Runtime.h */ = {isa = PBXFileReference; fileEncoding = 4; lastKnownFileType = sourcecode.c.h; path = GTMObjC2Runtime.h; sourceTree = "<group>"; };
		F417489517064B8300CCB139 /* GTMObjC2Runtime.m */ = {isa = PBXFileReference; fileEncoding = 4; lastKnownFileType = sourcecode.c.objc; path = GTMObjC2Runtime.m; sourceTree = "<group>"; };
		F417489617064B8300CCB139 /* OpenInChromeController.h */ = {isa = PBXFileReference; fileEncoding = 4; lastKnownFileType = sourcecode.c.h; path = OpenInChromeController.h; sourceTree = "<group>"; };
		F417489717064B8300CCB139 /* OpenInChromeController.m */ = {isa = PBXFileReference; fileEncoding = 4; lastKnownFileType = sourcecode.c.objc; path = OpenInChromeController.m; sourceTree = "<group>"; };
		F417489917064B8300CCB139 /* facebook-icon.png */ = {isa = PBXFileReference; lastKnownFileType = image.png; path = "facebook-icon.png"; sourceTree = "<group>"; };
		F417489A17064B8300CCB139 /* facebook-icon@2x.png */ = {isa = PBXFileReference; lastKnownFileType = image.png; path = "facebook-icon@2x.png"; sourceTree = "<group>"; };
		F417489B17064B8300CCB139 /* googleplus-icon.png */ = {isa = PBXFileReference; lastKnownFileType = image.png; path = "googleplus-icon.png"; sourceTree = "<group>"; };
		F417489C17064B8300CCB139 /* googleplus-icon@2x.png */ = {isa = PBXFileReference; lastKnownFileType = image.png; path = "googleplus-icon@2x.png"; sourceTree = "<group>"; };
		F417489D17064B8300CCB139 /* mail-icon.png */ = {isa = PBXFileReference; lastKnownFileType = image.png; path = "mail-icon.png"; sourceTree = "<group>"; };
		F417489E17064B8300CCB139 /* mail-icon@2x.png */ = {isa = PBXFileReference; lastKnownFileType = image.png; path = "mail-icon@2x.png"; sourceTree = "<group>"; };
		F417489F17064B8300CCB139 /* sina_weibo-icon.png */ = {isa = PBXFileReference; lastKnownFileType = image.png; path = "sina_weibo-icon.png"; sourceTree = "<group>"; };
		F41748A017064B8300CCB139 /* sina_weibo-icon@2x.png */ = {isa = PBXFileReference; lastKnownFileType = image.png; path = "sina_weibo-icon@2x.png"; sourceTree = "<group>"; };
		F41748A117064B8300CCB139 /* twitter-icon.png */ = {isa = PBXFileReference; lastKnownFileType = image.png; path = "twitter-icon.png"; sourceTree = "<group>"; };
		F41748A217064B8300CCB139 /* twitter-icon@2x.png */ = {isa = PBXFileReference; lastKnownFileType = image.png; path = "twitter-icon@2x.png"; sourceTree = "<group>"; };
		F41748A317064B8300CCB139 /* SGFacebookActivity.h */ = {isa = PBXFileReference; fileEncoding = 4; lastKnownFileType = sourcecode.c.h; path = SGFacebookActivity.h; sourceTree = "<group>"; };
		F41748A417064B8300CCB139 /* SGFacebookActivity.m */ = {isa = PBXFileReference; fileEncoding = 4; lastKnownFileType = sourcecode.c.objc; path = SGFacebookActivity.m; sourceTree = "<group>"; };
		F41748A517064B8300CCB139 /* SGMailActivity.h */ = {isa = PBXFileReference; fileEncoding = 4; lastKnownFileType = sourcecode.c.h; path = SGMailActivity.h; sourceTree = "<group>"; };
		F41748A617064B8300CCB139 /* SGMailActivity.m */ = {isa = PBXFileReference; fileEncoding = 4; lastKnownFileType = sourcecode.c.objc; path = SGMailActivity.m; sourceTree = "<group>"; };
		F41748A717064B8300CCB139 /* SGPlusActivity.h */ = {isa = PBXFileReference; fileEncoding = 4; lastKnownFileType = sourcecode.c.h; path = SGPlusActivity.h; sourceTree = "<group>"; };
		F41748A817064B8300CCB139 /* SGPlusActivity.m */ = {isa = PBXFileReference; fileEncoding = 4; lastKnownFileType = sourcecode.c.objc; path = SGPlusActivity.m; sourceTree = "<group>"; };
		F41748A917064B8300CCB139 /* SGSinaWeiboActivity.h */ = {isa = PBXFileReference; fileEncoding = 4; lastKnownFileType = sourcecode.c.h; path = SGSinaWeiboActivity.h; sourceTree = "<group>"; };
		F41748AA17064B8300CCB139 /* SGSinaWeiboActivity.m */ = {isa = PBXFileReference; fileEncoding = 4; lastKnownFileType = sourcecode.c.objc; path = SGSinaWeiboActivity.m; sourceTree = "<group>"; };
		F41748AB17064B8300CCB139 /* SGSocialActivity.h */ = {isa = PBXFileReference; fileEncoding = 4; lastKnownFileType = sourcecode.c.h; path = SGSocialActivity.h; sourceTree = "<group>"; };
		F41748AC17064B8300CCB139 /* SGSocialActivity.m */ = {isa = PBXFileReference; fileEncoding = 4; lastKnownFileType = sourcecode.c.objc; path = SGSocialActivity.m; sourceTree = "<group>"; };
		F41748AD17064B8300CCB139 /* SGTwitterActivity.h */ = {isa = PBXFileReference; fileEncoding = 4; lastKnownFileType = sourcecode.c.h; path = SGTwitterActivity.h; sourceTree = "<group>"; };
		F41748AE17064B8300CCB139 /* SGTwitterActivity.m */ = {isa = PBXFileReference; fileEncoding = 4; lastKnownFileType = sourcecode.c.objc; path = SGTwitterActivity.m; sourceTree = "<group>"; };
		F41748AF17064B8300CCB139 /* SGActivity.h */ = {isa = PBXFileReference; fileEncoding = 4; lastKnownFileType = sourcecode.c.h; name = SGActivity.h; path = ../SGActivity.h; sourceTree = "<group>"; };
		F41748B017064B8300CCB139 /* SGActivity.m */ = {isa = PBXFileReference; fileEncoding = 4; lastKnownFileType = sourcecode.c.objc; name = SGActivity.m; path = ../SGActivity.m; sourceTree = "<group>"; };
		F41748B117064B8300CCB139 /* SGActivityView.h */ = {isa = PBXFileReference; fileEncoding = 4; lastKnownFileType = sourcecode.c.h; name = SGActivityView.h; path = ../SGActivityView.h; sourceTree = "<group>"; };
		F41748B217064B8300CCB139 /* SGActivityView.m */ = {isa = PBXFileReference; fileEncoding = 4; lastKnownFileType = sourcecode.c.objc; name = SGActivityView.m; path = ../SGActivityView.m; sourceTree = "<group>"; };
		F4625CCF16D941A2006B3D62 /* SGShareKit.app */ = {isa = PBXFileReference; explicitFileType = wrapper.application; includeInIndex = 0; path = SGShareKit.app; sourceTree = BUILT_PRODUCTS_DIR; };
		F4625CD216D941A2006B3D62 /* UIKit.framework */ = {isa = PBXFileReference; lastKnownFileType = wrapper.framework; name = UIKit.framework; path = System/Library/Frameworks/UIKit.framework; sourceTree = SDKROOT; };
		F4625CD416D941A2006B3D62 /* Foundation.framework */ = {isa = PBXFileReference; lastKnownFileType = wrapper.framework; name = Foundation.framework; path = System/Library/Frameworks/Foundation.framework; sourceTree = SDKROOT; };
		F4625CD616D941A2006B3D62 /* CoreGraphics.framework */ = {isa = PBXFileReference; lastKnownFileType = wrapper.framework; name = CoreGraphics.framework; path = System/Library/Frameworks/CoreGraphics.framework; sourceTree = SDKROOT; };
		F4625CDA16D941A2006B3D62 /* SGShareKit-Info.plist */ = {isa = PBXFileReference; lastKnownFileType = text.plist.xml; path = "SGShareKit-Info.plist"; sourceTree = "<group>"; };
		F4625CDC16D941A3006B3D62 /* en */ = {isa = PBXFileReference; lastKnownFileType = text.plist.strings; name = en; path = en.lproj/InfoPlist.strings; sourceTree = "<group>"; };
		F4625CDE16D941A3006B3D62 /* main.m */ = {isa = PBXFileReference; lastKnownFileType = sourcecode.c.objc; path = main.m; sourceTree = "<group>"; };
		F4625CE016D941A3006B3D62 /* SGShareKit-Prefix.pch */ = {isa = PBXFileReference; lastKnownFileType = sourcecode.c.h; path = "SGShareKit-Prefix.pch"; sourceTree = "<group>"; };
		F4625CE116D941A3006B3D62 /* SGAppDelegate.h */ = {isa = PBXFileReference; lastKnownFileType = sourcecode.c.h; path = SGAppDelegate.h; sourceTree = "<group>"; };
		F4625CE216D941A3006B3D62 /* SGAppDelegate.m */ = {isa = PBXFileReference; lastKnownFileType = sourcecode.c.objc; path = SGAppDelegate.m; sourceTree = "<group>"; };
		F4625CE416D941A3006B3D62 /* Default.png */ = {isa = PBXFileReference; lastKnownFileType = image.png; path = Default.png; sourceTree = "<group>"; };
		F4625CE616D941A3006B3D62 /* Default@2x.png */ = {isa = PBXFileReference; lastKnownFileType = image.png; path = "Default@2x.png"; sourceTree = "<group>"; };
		F4625CE816D941A3006B3D62 /* Default-568h@2x.png */ = {isa = PBXFileReference; lastKnownFileType = image.png; path = "Default-568h@2x.png"; sourceTree = "<group>"; };
		F48C5A8516DA9DE000264CB2 /* Social.framework */ = {isa = PBXFileReference; lastKnownFileType = wrapper.framework; name = Social.framework; path = System/Library/Frameworks/Social.framework; sourceTree = SDKROOT; };
		F48C5A8716DA9DE700264CB2 /* Twitter.framework */ = {isa = PBXFileReference; lastKnownFileType = wrapper.framework; name = Twitter.framework; path = System/Library/Frameworks/Twitter.framework; sourceTree = SDKROOT; };
		F48C5A8D16DAA01700264CB2 /* MessageUI.framework */ = {isa = PBXFileReference; lastKnownFileType = wrapper.framework; name = MessageUI.framework; path = System/Library/Frameworks/MessageUI.framework; sourceTree = SDKROOT; };
		F48C5A9C16DBAAB700264CB2 /* SGDemoViewController.h */ = {isa = PBXFileReference; fileEncoding = 4; lastKnownFileType = sourcecode.c.h; path = SGDemoViewController.h; sourceTree = "<group>"; };
		F48C5A9D16DBAAB800264CB2 /* SGDemoViewController.m */ = {isa = PBXFileReference; fileEncoding = 4; lastKnownFileType = sourcecode.c.objc; path = SGDemoViewController.m; sourceTree = "<group>"; };
/* End PBXFileReference section */

/* Begin PBXFrameworksBuildPhase section */
		F4625CCC16D941A2006B3D62 /* Frameworks */ = {
			isa = PBXFrameworksBuildPhase;
			buildActionMask = 2147483647;
			files = (
				F49820E417064CFF009A8F4A /* MobileCoreServices.framework in Frameworks */,
				F40B6C6316E1279E007CB650 /* SystemConfiguration.framework in Frameworks */,
				F40B6C5D16E1274D007CB650 /* Security.framework in Frameworks */,
				F48C5A8E16DAA01700264CB2 /* MessageUI.framework in Frameworks */,
				F48C5A8816DA9DE700264CB2 /* Twitter.framework in Frameworks */,
				F48C5A8616DA9DE000264CB2 /* Social.framework in Frameworks */,
				F4625CD316D941A2006B3D62 /* UIKit.framework in Frameworks */,
				F4625CD516D941A2006B3D62 /* Foundation.framework in Frameworks */,
				F4625CD716D941A2006B3D62 /* CoreGraphics.framework in Frameworks */,
				F41748B317064B8300CCB139 /* libGooglePlusUniversal.a in Frameworks */,
			);
			runOnlyForDeploymentPostprocessing = 0;
		};
/* End PBXFrameworksBuildPhase section */

/* Begin PBXGroup section */
		F417483617064B8300CCB139 /* activities */ = {
			isa = PBXGroup;
			children = (
				F417483717064B8300CCB139 /* Google+ */,
				F417489817064B8300CCB139 /* icons */,
				F41748A317064B8300CCB139 /* SGFacebookActivity.h */,
				F41748A417064B8300CCB139 /* SGFacebookActivity.m */,
				F41748A517064B8300CCB139 /* SGMailActivity.h */,
				F41748A617064B8300CCB139 /* SGMailActivity.m */,
				F41748A717064B8300CCB139 /* SGPlusActivity.h */,
				F41748A817064B8300CCB139 /* SGPlusActivity.m */,
				F41748A917064B8300CCB139 /* SGSinaWeiboActivity.h */,
				F41748AA17064B8300CCB139 /* SGSinaWeiboActivity.m */,
				F41748AB17064B8300CCB139 /* SGSocialActivity.h */,
				F41748AC17064B8300CCB139 /* SGSocialActivity.m */,
				F41748AD17064B8300CCB139 /* SGTwitterActivity.h */,
				F41748AE17064B8300CCB139 /* SGTwitterActivity.m */,
			);
			name = activities;
			path = ../activities;
			sourceTree = "<group>";
		};
		F417483717064B8300CCB139 /* Google+ */ = {
			isa = PBXGroup;
			children = (
				F417483817064B8300CCB139 /* lib */,
				F417483F17064B8300CCB139 /* OpenSource */,
			);
			path = "Google+";
			sourceTree = "<group>";
		};
		F417483817064B8300CCB139 /* lib */ = {
			isa = PBXGroup;
			children = (
				F417483917064B8300CCB139 /* GPPDeepLink.h */,
				F417483A17064B8300CCB139 /* GPPShare.h */,
				F417483B17064B8300CCB139 /* GPPSignIn.h */,
				F417483C17064B8300CCB139 /* GPPSignInButton.h */,
				F417483D17064B8300CCB139 /* GPPURLHandler.h */,
				F417483E17064B8300CCB139 /* libGooglePlusUniversal.a */,
			);
			path = lib;
			sourceTree = "<group>";
		};
		F417483F17064B8300CCB139 /* OpenSource */ = {
			isa = PBXGroup;
			children = (
				F417484017064B8300CCB139 /* GTL */,
				F417487B17064B8300CCB139 /* GTMDefines.h */,
				F417487C17064B8300CCB139 /* GTMGarbageCollection.h */,
				F417487D17064B8300CCB139 /* GTMHTTPFetcher.h */,
				F417487E17064B8300CCB139 /* GTMHTTPFetcher.m */,
				F417487F17064B8300CCB139 /* GTMHTTPFetcherLogging.h */,
				F417488017064B8300CCB139 /* GTMHTTPFetcherLogging.m */,
				F417488117064B8300CCB139 /* GTMHTTPFetcherService.h */,
				F417488217064B8300CCB139 /* GTMHTTPFetcherService.m */,
				F417488317064B8300CCB139 /* GTMHTTPFetchHistory.h */,
				F417488417064B8300CCB139 /* GTMHTTPFetchHistory.m */,
				F417488517064B8300CCB139 /* GTMLogger.h */,
				F417488617064B8300CCB139 /* GTMLogger.m */,
				F417488717064B8300CCB139 /* GTMMethodCheck.h */,
				F417488817064B8300CCB139 /* GTMMethodCheck.m */,
				F417488917064B8300CCB139 /* GTMNSDictionary+URLArguments.h */,
				F417488A17064B8300CCB139 /* GTMNSDictionary+URLArguments.m */,
				F417488B17064B8300CCB139 /* GTMNSString+URLArguments.h */,
				F417488C17064B8300CCB139 /* GTMNSString+URLArguments.m */,
				F417488D17064B8300CCB139 /* GTMOAuth2Authentication.h */,
				F417488E17064B8300CCB139 /* GTMOAuth2Authentication.m */,
				F417488F17064B8300CCB139 /* GTMOAuth2SignIn.h */,
				F417489017064B8300CCB139 /* GTMOAuth2SignIn.m */,
				F417489117064B8300CCB139 /* GTMOAuth2ViewControllerTouch.h */,
				F417489217064B8300CCB139 /* GTMOAuth2ViewControllerTouch.m */,
				F417489317064B8300CCB139 /* GTMOAuth2ViewTouch.xib */,
				F417489417064B8300CCB139 /* GTMObjC2Runtime.h */,
				F417489517064B8300CCB139 /* GTMObjC2Runtime.m */,
				F417489617064B8300CCB139 /* OpenInChromeController.h */,
				F417489717064B8300CCB139 /* OpenInChromeController.m */,
			);
			path = OpenSource;
			sourceTree = "<group>";
		};
		F417484017064B8300CCB139 /* GTL */ = {
			isa = PBXGroup;
			children = (
				F417484117064B8300CCB139 /* GTLBase64.h */,
				F417484217064B8300CCB139 /* GTLBase64.m */,
				F417484317064B8300CCB139 /* GTLBatchQuery.h */,
				F417484417064B8300CCB139 /* GTLBatchQuery.m */,
				F417484517064B8300CCB139 /* GTLBatchResult.h */,
				F417484617064B8300CCB139 /* GTLBatchResult.m */,
				F417484717064B8300CCB139 /* GTLDateTime.h */,
				F417484817064B8300CCB139 /* GTLDateTime.m */,
				F417484917064B8300CCB139 /* GTLDefines.h */,
				F417484A17064B8300CCB139 /* GTLErrorObject.h */,
				F417484B17064B8300CCB139 /* GTLErrorObject.m */,
				F417484C17064B8300CCB139 /* GTLFramework.h */,
				F417484D17064B8300CCB139 /* GTLFramework.m */,
				F417484E17064B8300CCB139 /* GTLJSONParser.h */,
				F417484F17064B8300CCB139 /* GTLJSONParser.m */,
				F417485017064B8300CCB139 /* GTLObject.h */,
				F417485117064B8300CCB139 /* GTLObject.m */,
				F417485217064B8300CCB139 /* GTLPlus */,
				F417487017064B8300CCB139 /* GTLQuery.h */,
				F417487117064B8300CCB139 /* GTLQuery.m */,
				F417487217064B8300CCB139 /* GTLRuntimeCommon.h */,
				F417487317064B8300CCB139 /* GTLRuntimeCommon.m */,
				F417487417064B8300CCB139 /* GTLService.h */,
				F417487517064B8300CCB139 /* GTLService.m */,
				F417487617064B8300CCB139 /* GTLTargetNamespace.h */,
				F417487717064B8300CCB139 /* GTLUploadParameters.h */,
				F417487817064B8300CCB139 /* GTLUploadParameters.m */,
				F417487917064B8300CCB139 /* GTLUtilities.h */,
				F417487A17064B8300CCB139 /* GTLUtilities.m */,
			);
			path = GTL;
			sourceTree = "<group>";
		};
		F417485217064B8300CCB139 /* GTLPlus */ = {
			isa = PBXGroup;
			children = (
				F417485317064B8300CCB139 /* GTLPlus.h */,
				F417485417064B8300CCB139 /* GTLPlusAcl.h */,
				F417485517064B8300CCB139 /* GTLPlusAcl.m */,
				F417485617064B8300CCB139 /* GTLPlusAclentryResource.h */,
				F417485717064B8300CCB139 /* GTLPlusAclentryResource.m */,
				F417485817064B8300CCB139 /* GTLPlusActivity.h */,
				F417485917064B8300CCB139 /* GTLPlusActivity.m */,
				F417485A17064B8300CCB139 /* GTLPlusActivityFeed.h */,
				F417485B17064B8300CCB139 /* GTLPlusActivityFeed.m */,
				F417485C17064B8300CCB139 /* GTLPlusComment.h */,
				F417485D17064B8300CCB139 /* GTLPlusComment.m */,
				F417485E17064B8300CCB139 /* GTLPlusCommentFeed.h */,
				F417485F17064B8300CCB139 /* GTLPlusCommentFeed.m */,
				F417486017064B8300CCB139 /* GTLPlusConstants.h */,
				F417486117064B8300CCB139 /* GTLPlusConstants.m */,
				F417486217064B8300CCB139 /* GTLPlusItemScope.h */,
				F417486317064B8300CCB139 /* GTLPlusItemScope.m */,
				F417486417064B8300CCB139 /* GTLPlusMoment.h */,
				F417486517064B8300CCB139 /* GTLPlusMoment.m */,
				F417486617064B8300CCB139 /* GTLPlusMomentsFeed.h */,
				F417486717064B8300CCB139 /* GTLPlusMomentsFeed.m */,
				F417486817064B8300CCB139 /* GTLPlusPeopleFeed.h */,
				F417486917064B8300CCB139 /* GTLPlusPeopleFeed.m */,
				F417486A17064B8300CCB139 /* GTLPlusPerson.h */,
				F417486B17064B8300CCB139 /* GTLPlusPerson.m */,
				F417486C17064B8300CCB139 /* GTLQueryPlus.h */,
				F417486D17064B8300CCB139 /* GTLQueryPlus.m */,
				F417486E17064B8300CCB139 /* GTLServicePlus.h */,
				F417486F17064B8300CCB139 /* GTLServicePlus.m */,
			);
			path = GTLPlus;
			sourceTree = "<group>";
		};
		F417489817064B8300CCB139 /* icons */ = {
			isa = PBXGroup;
			children = (
				F417489917064B8300CCB139 /* facebook-icon.png */,
				F417489A17064B8300CCB139 /* facebook-icon@2x.png */,
				F417489B17064B8300CCB139 /* googleplus-icon.png */,
				F417489C17064B8300CCB139 /* googleplus-icon@2x.png */,
				F417489D17064B8300CCB139 /* mail-icon.png */,
				F417489E17064B8300CCB139 /* mail-icon@2x.png */,
				F417489F17064B8300CCB139 /* sina_weibo-icon.png */,
				F41748A017064B8300CCB139 /* sina_weibo-icon@2x.png */,
				F41748A117064B8300CCB139 /* twitter-icon.png */,
				F41748A217064B8300CCB139 /* twitter-icon@2x.png */,
			);
			path = icons;
			sourceTree = "<group>";
		};
		F41748EF17064B8A00CCB139 /* SGShareKit */ = {
			isa = PBXGroup;
			children = (
				F417483617064B8300CCB139 /* activities */,
				F41748AF17064B8300CCB139 /* SGActivity.h */,
				F41748B017064B8300CCB139 /* SGActivity.m */,
				F41748B117064B8300CCB139 /* SGActivityView.h */,
				F41748B217064B8300CCB139 /* SGActivityView.m */,
			);
			name = SGShareKit;
			sourceTree = "<group>";
		};
		F4625CC616D941A2006B3D62 = {
			isa = PBXGroup;
			children = (
				F41748EF17064B8A00CCB139 /* SGShareKit */,
				F4625CD816D941A2006B3D62 /* Demo */,
				F4625CD116D941A2006B3D62 /* Frameworks */,
				F4625CD016D941A2006B3D62 /* Products */,
			);
			sourceTree = "<group>";
		};
		F4625CD016D941A2006B3D62 /* Products */ = {
			isa = PBXGroup;
			children = (
				F4625CCF16D941A2006B3D62 /* SGShareKit.app */,
			);
			name = Products;
			sourceTree = "<group>";
		};
		F4625CD116D941A2006B3D62 /* Frameworks */ = {
			isa = PBXGroup;
			children = (
				F40B6C6216E1279E007CB650 /* SystemConfiguration.framework */,
				F40B6C6016E12773007CB650 /* CFNetwork.framework */,
				F40B6C5E16E1275F007CB650 /* MobileCoreServices.framework */,
				F40B6C5C16E1274D007CB650 /* Security.framework */,
				F48C5A8D16DAA01700264CB2 /* MessageUI.framework */,
				F48C5A8716DA9DE700264CB2 /* Twitter.framework */,
				F48C5A8516DA9DE000264CB2 /* Social.framework */,
				F4625CD216D941A2006B3D62 /* UIKit.framework */,
				F4625CD416D941A2006B3D62 /* Foundation.framework */,
				F4625CD616D941A2006B3D62 /* CoreGraphics.framework */,
			);
			name = Frameworks;
			sourceTree = "<group>";
		};
		F4625CD816D941A2006B3D62 /* Demo */ = {
			isa = PBXGroup;
			children = (
				F4625CD916D941A2006B3D62 /* Supporting Files */,
				F4625CE116D941A3006B3D62 /* SGAppDelegate.h */,
				F4625CE216D941A3006B3D62 /* SGAppDelegate.m */,
				F48C5A9C16DBAAB700264CB2 /* SGDemoViewController.h */,
				F48C5A9D16DBAAB800264CB2 /* SGDemoViewController.m */,
			);
			name = Demo;
			path = SGShareKit;
			sourceTree = "<group>";
		};
		F4625CD916D941A2006B3D62 /* Supporting Files */ = {
			isa = PBXGroup;
			children = (
				F4625CDA16D941A2006B3D62 /* SGShareKit-Info.plist */,
				F4625CDB16D941A3006B3D62 /* InfoPlist.strings */,
				F4625CDE16D941A3006B3D62 /* main.m */,
				F4625CE016D941A3006B3D62 /* SGShareKit-Prefix.pch */,
				F4625CE416D941A3006B3D62 /* Default.png */,
				F4625CE616D941A3006B3D62 /* Default@2x.png */,
				F4625CE816D941A3006B3D62 /* Default-568h@2x.png */,
			);
			name = "Supporting Files";
			sourceTree = "<group>";
		};
/* End PBXGroup section */

/* Begin PBXNativeTarget section */
		F4625CCE16D941A2006B3D62 /* SGShareKit */ = {
			isa = PBXNativeTarget;
			buildConfigurationList = F4625CEC16D941A3006B3D62 /* Build configuration list for PBXNativeTarget "SGShareKit" */;
			buildPhases = (
				F4625CCB16D941A2006B3D62 /* Sources */,
				F4625CCC16D941A2006B3D62 /* Frameworks */,
				F4625CCD16D941A2006B3D62 /* Resources */,
			);
			buildRules = (
			);
			dependencies = (
			);
			name = SGShareKit;
			productName = SGShareKit;
			productReference = F4625CCF16D941A2006B3D62 /* SGShareKit.app */;
			productType = "com.apple.product-type.application";
		};
/* End PBXNativeTarget section */

/* Begin PBXProject section */
		F4625CC716D941A2006B3D62 /* Project object */ = {
			isa = PBXProject;
			attributes = {
				CLASSPREFIX = SG;
				LastUpgradeCheck = 0460;
				ORGANIZATIONNAME = "Simon Peter Grätzer";
			};
			buildConfigurationList = F4625CCA16D941A2006B3D62 /* Build configuration list for PBXProject "SGShareKit" */;
			compatibilityVersion = "Xcode 3.2";
			developmentRegion = English;
			hasScannedForEncodings = 0;
			knownRegions = (
				en,
			);
			mainGroup = F4625CC616D941A2006B3D62;
			productRefGroup = F4625CD016D941A2006B3D62 /* Products */;
			projectDirPath = "";
			projectRoot = "";
			targets = (
				F4625CCE16D941A2006B3D62 /* SGShareKit */,
			);
		};
/* End PBXProject section */

/* Begin PBXResourcesBuildPhase section */
		F4625CCD16D941A2006B3D62 /* Resources */ = {
			isa = PBXResourcesBuildPhase;
			buildActionMask = 2147483647;
			files = (
				F4625CDD16D941A3006B3D62 /* InfoPlist.strings in Resources */,
				F4625CE516D941A3006B3D62 /* Default.png in Resources */,
				F4625CE716D941A3006B3D62 /* Default@2x.png in Resources */,
				F4625CE916D941A3006B3D62 /* Default-568h@2x.png in Resources */,
				F41748DA17064B8400CCB139 /* GTMOAuth2ViewTouch.xib in Resources */,
				F41748DD17064B8400CCB139 /* facebook-icon.png in Resources */,
				F41748DE17064B8400CCB139 /* facebook-icon@2x.png in Resources */,
				F41748DF17064B8400CCB139 /* googleplus-icon.png in Resources */,
				F41748E017064B8400CCB139 /* googleplus-icon@2x.png in Resources */,
				F41748E117064B8400CCB139 /* mail-icon.png in Resources */,
				F41748E217064B8400CCB139 /* mail-icon@2x.png in Resources */,
				F41748E317064B8400CCB139 /* sina_weibo-icon.png in Resources */,
				F41748E417064B8400CCB139 /* sina_weibo-icon@2x.png in Resources */,
				F41748E517064B8400CCB139 /* twitter-icon.png in Resources */,
				F41748E617064B8400CCB139 /* twitter-icon@2x.png in Resources */,
			);
			runOnlyForDeploymentPostprocessing = 0;
		};
/* End PBXResourcesBuildPhase section */

/* Begin PBXSourcesBuildPhase section */
		F4625CCB16D941A2006B3D62 /* Sources */ = {
			isa = PBXSourcesBuildPhase;
			buildActionMask = 2147483647;
			files = (
				F4625CDF16D941A3006B3D62 /* main.m in Sources */,
				F4625CE316D941A3006B3D62 /* SGAppDelegate.m in Sources */,
				F48C5A9E16DBAAB800264CB2 /* SGDemoViewController.m in Sources */,
				F41748B417064B8400CCB139 /* GTLBase64.m in Sources */,
				F41748B517064B8400CCB139 /* GTLBatchQuery.m in Sources */,
				F41748B617064B8400CCB139 /* GTLBatchResult.m in Sources */,
				F41748B717064B8400CCB139 /* GTLDateTime.m in Sources */,
				F41748B817064B8400CCB139 /* GTLErrorObject.m in Sources */,
				F41748B917064B8400CCB139 /* GTLFramework.m in Sources */,
				F41748BA17064B8400CCB139 /* GTLJSONParser.m in Sources */,
				F41748BB17064B8400CCB139 /* GTLObject.m in Sources */,
				F41748BC17064B8400CCB139 /* GTLPlusAcl.m in Sources */,
				F41748BD17064B8400CCB139 /* GTLPlusAclentryResource.m in Sources */,
				F41748BE17064B8400CCB139 /* GTLPlusActivity.m in Sources */,
				F41748BF17064B8400CCB139 /* GTLPlusActivityFeed.m in Sources */,
				F41748C017064B8400CCB139 /* GTLPlusComment.m in Sources */,
				F41748C117064B8400CCB139 /* GTLPlusCommentFeed.m in Sources */,
				F41748C217064B8400CCB139 /* GTLPlusConstants.m in Sources */,
				F41748C317064B8400CCB139 /* GTLPlusItemScope.m in Sources */,
				F41748C417064B8400CCB139 /* GTLPlusMoment.m in Sources */,
				F41748C517064B8400CCB139 /* GTLPlusMomentsFeed.m in Sources */,
				F41748C617064B8400CCB139 /* GTLPlusPeopleFeed.m in Sources */,
				F41748C717064B8400CCB139 /* GTLPlusPerson.m in Sources */,
				F41748C817064B8400CCB139 /* GTLQueryPlus.m in Sources */,
				F41748C917064B8400CCB139 /* GTLServicePlus.m in Sources */,
				F41748CA17064B8400CCB139 /* GTLQuery.m in Sources */,
				F41748CB17064B8400CCB139 /* GTLRuntimeCommon.m in Sources */,
				F41748CC17064B8400CCB139 /* GTLService.m in Sources */,
				F41748CD17064B8400CCB139 /* GTLUploadParameters.m in Sources */,
				F41748CE17064B8400CCB139 /* GTLUtilities.m in Sources */,
				F41748CF17064B8400CCB139 /* GTMHTTPFetcher.m in Sources */,
				F41748D017064B8400CCB139 /* GTMHTTPFetcherLogging.m in Sources */,
				F41748D117064B8400CCB139 /* GTMHTTPFetcherService.m in Sources */,
				F41748D217064B8400CCB139 /* GTMHTTPFetchHistory.m in Sources */,
				F41748D317064B8400CCB139 /* GTMLogger.m in Sources */,
				F41748D417064B8400CCB139 /* GTMMethodCheck.m in Sources */,
				F41748D517064B8400CCB139 /* GTMNSDictionary+URLArguments.m in Sources */,
				F41748D617064B8400CCB139 /* GTMNSString+URLArguments.m in Sources */,
				F41748D717064B8400CCB139 /* GTMOAuth2Authentication.m in Sources */,
				F41748D817064B8400CCB139 /* GTMOAuth2SignIn.m in Sources */,
				F41748D917064B8400CCB139 /* GTMOAuth2ViewControllerTouch.m in Sources */,
				F41748DB17064B8400CCB139 /* GTMObjC2Runtime.m in Sources */,
				F41748DC17064B8400CCB139 /* OpenInChromeController.m in Sources */,
				F41748E717064B8400CCB139 /* SGFacebookActivity.m in Sources */,
				F41748E817064B8400CCB139 /* SGMailActivity.m in Sources */,
				F41748E917064B8400CCB139 /* SGPlusActivity.m in Sources */,
				F41748EA17064B8400CCB139 /* SGSinaWeiboActivity.m in Sources */,
				F41748EB17064B8400CCB139 /* SGSocialActivity.m in Sources */,
				F41748EC17064B8400CCB139 /* SGTwitterActivity.m in Sources */,
				F41748ED17064B8400CCB139 /* SGActivity.m in Sources */,
				F41748EE17064B8400CCB139 /* SGActivityView.m in Sources */,
			);
			runOnlyForDeploymentPostprocessing = 0;
		};
/* End PBXSourcesBuildPhase section */

/* Begin PBXVariantGroup section */
		F4625CDB16D941A3006B3D62 /* InfoPlist.strings */ = {
			isa = PBXVariantGroup;
			children = (
				F4625CDC16D941A3006B3D62 /* en */,
			);
			name = InfoPlist.strings;
			sourceTree = "<group>";
		};
/* End PBXVariantGroup section */

/* Begin XCBuildConfiguration section */
		F4625CEA16D941A3006B3D62 /* Debug */ = {
			isa = XCBuildConfiguration;
			buildSettings = {
				ALWAYS_SEARCH_USER_PATHS = NO;
				CLANG_CXX_LANGUAGE_STANDARD = "gnu++0x";
				CLANG_CXX_LIBRARY = "libc++";
				CLANG_ENABLE_OBJC_ARC = YES;
				CLANG_WARN_CONSTANT_CONVERSION = YES;
				CLANG_WARN_EMPTY_BODY = YES;
				CLANG_WARN_ENUM_CONVERSION = YES;
				CLANG_WARN_INT_CONVERSION = YES;
				CLANG_WARN__DUPLICATE_METHOD_MATCH = YES;
				"CODE_SIGN_IDENTITY[sdk=iphoneos*]" = "iPhone Developer";
				COPY_PHASE_STRIP = NO;
				GCC_C_LANGUAGE_STANDARD = gnu99;
				GCC_DYNAMIC_NO_PIC = NO;
				GCC_OPTIMIZATION_LEVEL = 0;
				GCC_PREPROCESSOR_DEFINITIONS = (
					"DEBUG=1",
					"$(inherited)",
				);
				GCC_SYMBOLS_PRIVATE_EXTERN = NO;
				GCC_WARN_ABOUT_RETURN_TYPE = YES;
				GCC_WARN_UNINITIALIZED_AUTOS = YES;
				GCC_WARN_UNUSED_VARIABLE = YES;
				IPHONEOS_DEPLOYMENT_TARGET = 5.1;
				ONLY_ACTIVE_ARCH = YES;
				SDKROOT = iphoneos;
				TARGETED_DEVICE_FAMILY = "1,2";
			};
			name = Debug;
		};
		F4625CEB16D941A3006B3D62 /* Release */ = {
			isa = XCBuildConfiguration;
			buildSettings = {
				ALWAYS_SEARCH_USER_PATHS = NO;
				CLANG_CXX_LANGUAGE_STANDARD = "gnu++0x";
				CLANG_CXX_LIBRARY = "libc++";
				CLANG_ENABLE_OBJC_ARC = YES;
				CLANG_WARN_CONSTANT_CONVERSION = YES;
				CLANG_WARN_EMPTY_BODY = YES;
				CLANG_WARN_ENUM_CONVERSION = YES;
				CLANG_WARN_INT_CONVERSION = YES;
				CLANG_WARN__DUPLICATE_METHOD_MATCH = YES;
				"CODE_SIGN_IDENTITY[sdk=iphoneos*]" = "iPhone Developer";
				COPY_PHASE_STRIP = YES;
				GCC_C_LANGUAGE_STANDARD = gnu99;
				GCC_WARN_ABOUT_RETURN_TYPE = YES;
				GCC_WARN_UNINITIALIZED_AUTOS = YES;
				GCC_WARN_UNUSED_VARIABLE = YES;
				IPHONEOS_DEPLOYMENT_TARGET = 5.1;
				OTHER_CFLAGS = "-DNS_BLOCK_ASSERTIONS=1";
				SDKROOT = iphoneos;
				TARGETED_DEVICE_FAMILY = "1,2";
				VALIDATE_PRODUCT = YES;
			};
			name = Release;
		};
		F4625CED16D941A3006B3D62 /* Debug */ = {
			isa = XCBuildConfiguration;
			buildSettings = {
				GCC_PRECOMPILE_PREFIX_HEADER = YES;
				GCC_PREFIX_HEADER = "SGShareKit/SGShareKit-Prefix.pch";
				INFOPLIST_FILE = "SGShareKit/SGShareKit-Info.plist";
				IPHONEOS_DEPLOYMENT_TARGET = 5.1;
				LIBRARY_SEARCH_PATHS = (
					"$(inherited)",
					"\"$(SRCROOT)/../activities/Google+/lib\"",
				);
				PRODUCT_NAME = "$(TARGET_NAME)";
				WRAPPER_EXTENSION = app;
			};
			name = Debug;
		};
		F4625CEE16D941A3006B3D62 /* Release */ = {
			isa = XCBuildConfiguration;
			buildSettings = {
				GCC_PRECOMPILE_PREFIX_HEADER = YES;
				GCC_PREFIX_HEADER = "SGShareKit/SGShareKit-Prefix.pch";
				INFOPLIST_FILE = "SGShareKit/SGShareKit-Info.plist";
				IPHONEOS_DEPLOYMENT_TARGET = 5.1;
				LIBRARY_SEARCH_PATHS = (
					"$(inherited)",
					"\"$(SRCROOT)/../activities/Google+/lib\"",
				);
				PRODUCT_NAME = "$(TARGET_NAME)";
				WRAPPER_EXTENSION = app;
			};
			name = Release;
		};
/* End XCBuildConfiguration section */

/* Begin XCConfigurationList section */
		F4625CCA16D941A2006B3D62 /* Build configuration list for PBXProject "SGShareKit" */ = {
			isa = XCConfigurationList;
			buildConfigurations = (
				F4625CEA16D941A3006B3D62 /* Debug */,
				F4625CEB16D941A3006B3D62 /* Release */,
			);
			defaultConfigurationIsVisible = 0;
			defaultConfigurationName = Release;
		};
		F4625CEC16D941A3006B3D62 /* Build configuration list for PBXNativeTarget "SGShareKit" */ = {
			isa = XCConfigurationList;
			buildConfigurations = (
				F4625CED16D941A3006B3D62 /* Debug */,
				F4625CEE16D941A3006B3D62 /* Release */,
			);
			defaultConfigurationIsVisible = 0;
			defaultConfigurationName = Release;
		};
/* End XCConfigurationList section */
	};
	rootObject = F4625CC716D941A2006B3D62 /* Project object */;
}
